
Microsoft Visual Studio Solution File, Format Version 12.00
# Visual Studio 15
VisualStudioVersion = 15.0.27130.2027
MinimumVisualStudioVersion = 10.0.40219.1
Project("{9A19103F-16F7-4668-BE54-9A1E7A4F7556}") = "CheckTsql", "CheckTsql.csproj", "{C13FACDF-95A3-495B-967C-5D505DEDBDB2}"
EndProject
Global
	GlobalSection(SolutionConfigurationPlatforms) = preSolution
		Debug|Any CPU = Debug|Any CPU
		Release|Any CPU = Release|Any CPU
	EndGlobalSection
	GlobalSection(ProjectConfigurationPlatforms) = postSolution
		{C13FACDF-95A3-495B-967C-5D505DEDBDB2}.Debug|Any CPU.ActiveCfg = Debug|Any CPU
		{C13FACDF-95A3-495B-967C-5D505DEDBDB2}.Debug|Any CPU.Build.0 = Debug|Any CPU
		{C13FACDF-95A3-495B-967C-5D505DEDBDB2}.Release|Any CPU.ActiveCfg = Release|Any CPU
		{C13FACDF-95A3-495B-967C-5D505DEDBDB2}.Release|Any CPU.Build.0 = Release|Any CPU
	EndGlobalSection
	GlobalSection(SolutionProperties) = preSolution
		HideSolutionNode = FALSE
	EndGlobalSection
	GlobalSection(ExtensibilityGlobals) = postSolution
		SolutionGuid = {5A6726EA-B37F-48A9-BAD0-C676361D8A4F}
	EndGlobalSection
EndGlobal
